
Microsoft Visual Studio Solution File, Format Version 12.00
# Visual Studio Version 16
VisualStudioVersion = 16.0.33214.272
MinimumVisualStudioVersion = 10.0.40219.1
Project("{FAE04EC0-301F-11D3-BF4B-00C04F79EFBC}") = "Newspaper", "Newspaper\Newspaper.csproj", "{29C1A543-B798-4278-A199-40079D68EDE4}"
EndProject
Global
	GlobalSection(SolutionConfigurationPlatforms) = preSolution
		Debug|Any CPU = Debug|Any CPU
		Release|Any CPU = Release|Any CPU
	EndGlobalSection
	GlobalSection(ProjectConfigurationPlatforms) = postSolution
		{29C1A543-B798-4278-A199-40079D68EDE4}.Debug|Any CPU.ActiveCfg = Debug|Any CPU
		{29C1A543-B798-4278-A199-40079D68EDE4}.Debug|Any CPU.Build.0 = Debug|Any CPU
		{29C1A543-B798-4278-A199-40079D68EDE4}.Release|Any CPU.ActiveCfg = Release|Any CPU
		{29C1A543-B798-4278-A199-40079D68EDE4}.Release|Any CPU.Build.0 = Release|Any CPU
	EndGlobalSection
	GlobalSection(SolutionProperties) = preSolution
		HideSolutionNode = FALSE
	EndGlobalSection
	GlobalSection(ExtensibilityGlobals) = postSolution
		SolutionGuid = {2AA7571B-6009-4A8A-8442-0D9DF8DADCFA}
	EndGlobalSection
EndGlobal
